
Microsoft Visual Studio Solution File, Format Version 12.00
# Visual Studio 14
VisualStudioVersion = 14.0.25420.1
MinimumVisualStudioVersion = 10.0.40219.1
Project("{FAE04EC0-301F-11D3-BF4B-00C04F79EFBC}") = "TriggersApp", "TriggersApp\TriggersApp.csproj", "{7384C99F-BFCB-4C7A-AD1A-5FAD1F66726D}"
EndProject
Project("{2150E333-8FDC-42A3-9474-1A3956D46DE8}") = "Solution Items", "Solution Items", "{41DEF62B-AA58-4D06-BCAC-5BBD62034972}"
	ProjectSection(SolutionItems) = preProject
		AddNewIssue.html = AddNewIssue.html
		CopyIssueTemplate.html = CopyIssueTemplate.html
		customTrigger.js = customTrigger.js
		customTrigger2.js = customTrigger2.js
		DataTables.js = DataTables.js
		DraftDetailsAwatingApprovalDialog.html = DraftDetailsAwatingApprovalDialog.html
		DraftDetailsDialog.html = DraftDetailsDialog.html
		Events.html = Events.html
		events.js = events.js
		events2.js = events2.js
		Feedback20.js = Feedback20.js
		IssueDetailsDialog.html = IssueDetailsDialog.html
		..\..\..\..\Users\Administrator.DEVNET\Desktop\jquery.dataTables.js = ..\..\..\..\Users\Administrator.DEVNET\Desktop\jquery.dataTables.js
		..\..\..\..\Software\SPServices\jquery.SPServices Intellisense.js = ..\..\..\..\Software\SPServices\jquery.SPServices Intellisense.js
		..\..\..\..\Software\SPServices\jquery.SPServices.d.ts = ..\..\..\..\Software\SPServices\jquery.SPServices.d.ts
		..\..\..\..\Software\SPServices\jquery.SPServices.js = ..\..\..\..\Software\SPServices\jquery.SPServices.js
		..\..\..\..\Software\SPServices\jquery.SPServices.min.js = ..\..\..\..\Software\SPServices\jquery.SPServices.min.js
		LoginMay1.js = LoginMay1.js
		loginMay2.js = loginMay2.js
		MitigationInputDialog.html = MitigationInputDialog.html
		MyDashboard1.html = MyDashboard1.html
		MyDashboard19th1037.html = MyDashboard19th1037.html
		MyDashboard19th1037.js = MyDashboard19th1037.js
		MyDashboard23.js = MyDashboard23.js
		mydashboard26.html = mydashboard26.html
		mydashboard26.js = mydashboard26.js
		NewProfile.js = NewProfile.js
		NewProfile3.js = NewProfile3.js
		NewProfilefromSCMS.js = NewProfilefromSCMS.js
		Profile19th1037.html = Profile19th1037.html
		Profile19th1037.js = Profile19th1037.js
		profile28.html = profile28.html
		profile28.js = profile28.js
		Profile2Script.js = Profile2Script.js
		ProfileScript5.js = ProfileScript5.js
		ProfileServer30.js = ProfileServer30.js
		Profilevm2May.js = Profilevm2May.js
		ProfilevmMay1.js = ProfilevmMay1.js
		SampleDialog.js = SampleDialog.js
		Script7.js = Script7.js
		Script88Dashboard.js = Script88Dashboard.js
		SP2013 File Uploader.html = SP2013 File Uploader.html
		SPServices code example.html = SPServices code example.html
		Trigger23.css = Trigger23.css
		Triggers.js = Triggers.js
		Triggers1.html = Triggers1.html
		triggers26.css = triggers26.css
		TriggersServer24.html = TriggersServer24.html
	EndProjectSection
EndProject
Global
	GlobalSection(SolutionConfigurationPlatforms) = preSolution
		Debug|Any CPU = Debug|Any CPU
		Release|Any CPU = Release|Any CPU
	EndGlobalSection
	GlobalSection(ProjectConfigurationPlatforms) = postSolution
		{7384C99F-BFCB-4C7A-AD1A-5FAD1F66726D}.Debug|Any CPU.ActiveCfg = Debug|Any CPU
		{7384C99F-BFCB-4C7A-AD1A-5FAD1F66726D}.Debug|Any CPU.Build.0 = Debug|Any CPU
		{7384C99F-BFCB-4C7A-AD1A-5FAD1F66726D}.Debug|Any CPU.Deploy.0 = Debug|Any CPU
		{7384C99F-BFCB-4C7A-AD1A-5FAD1F66726D}.Release|Any CPU.ActiveCfg = Release|Any CPU
		{7384C99F-BFCB-4C7A-AD1A-5FAD1F66726D}.Release|Any CPU.Build.0 = Release|Any CPU
		{7384C99F-BFCB-4C7A-AD1A-5FAD1F66726D}.Release|Any CPU.Deploy.0 = Release|Any CPU
	EndGlobalSection
	GlobalSection(SolutionProperties) = preSolution
		HideSolutionNode = FALSE
	EndGlobalSection
EndGlobal
